// !$*UTF8*$!
{
	archiveVersion = 1;
	classes = {
	};
	objectVersion = 56;
	objects = {

/* Begin PBXBuildFile section */
		55170BF0295A740000FF68FE /* Activity.swift in Sources */ = {isa = PBXBuildFile; fileRef = 55170BEF295A740000FF68FE /* Activity.swift */; };
		5560A490298552DF00F58E03 /* ResourcesViewController.swift in Sources */ = {isa = PBXBuildFile; fileRef = 5560A48F298552DF00F58E03 /* ResourcesViewController.swift */; };
		55A66AEF295A2919003D4BBC /* AppDelegate.swift in Sources */ = {isa = PBXBuildFile; fileRef = 55A66AEE295A2919003D4BBC /* AppDelegate.swift */; };
		55A66AF1295A2919003D4BBC /* SceneDelegate.swift in Sources */ = {isa = PBXBuildFile; fileRef = 55A66AF0295A2919003D4BBC /* SceneDelegate.swift */; };
		55A66AF3295A2919003D4BBC /* ViewController.swift in Sources */ = {isa = PBXBuildFile; fileRef = 55A66AF2295A2919003D4BBC /* ViewController.swift */; };
		55A66AF6295A2919003D4BBC /* Main.storyboard in Resources */ = {isa = PBXBuildFile; fileRef = 55A66AF4295A2919003D4BBC /* Main.storyboard */; };
		55A66AF8295A291B003D4BBC /* Assets.xcassets in Resources */ = {isa = PBXBuildFile; fileRef = 55A66AF7295A291B003D4BBC /* Assets.xcassets */; };
		55A66AFB295A291B003D4BBC /* LaunchScreen.storyboard in Resources */ = {isa = PBXBuildFile; fileRef = 55A66AF9295A291B003D4BBC /* LaunchScreen.storyboard */; };
		55A66B06295A291C003D4BBC /* SpiritualGrowth1_0Tests.swift in Sources */ = {isa = PBXBuildFile; fileRef = 55A66B05295A291C003D4BBC /* SpiritualGrowth1_0Tests.swift */; };
		55A66B10295A291C003D4BBC /* SpiritualGrowth1_0UITests.swift in Sources */ = {isa = PBXBuildFile; fileRef = 55A66B0F295A291C003D4BBC /* SpiritualGrowth1_0UITests.swift */; };
		55A66B12295A291C003D4BBC /* SpiritualGrowth1_0UITestsLaunchTests.swift in Sources */ = {isa = PBXBuildFile; fileRef = 55A66B11295A291C003D4BBC /* SpiritualGrowth1_0UITestsLaunchTests.swift */; };
/* End PBXBuildFile section */

/* Begin PBXContainerItemProxy section */
		55A66B02295A291C003D4BBC /* PBXContainerItemProxy */ = {
			isa = PBXContainerItemProxy;
			containerPortal = 55A66AE3295A2919003D4BBC /* Project object */;
			proxyType = 1;
			remoteGlobalIDString = 55A66AEA295A2919003D4BBC;
			remoteInfo = SpiritualGrowth1.0;
		};
		55A66B0C295A291C003D4BBC /* PBXContainerItemProxy */ = {
			isa = PBXContainerItemProxy;
			containerPortal = 55A66AE3295A2919003D4BBC /* Project object */;
			proxyType = 1;
			remoteGlobalIDString = 55A66AEA295A2919003D4BBC;
			remoteInfo = SpiritualGrowth1.0;
		};
/* End PBXContainerItemProxy section */

/* Begin PBXFileReference section */
		55170BEF295A740000FF68FE /* Activity.swift */ = {isa = PBXFileReference; lastKnownFileType = sourcecode.swift; path = Activity.swift; sourceTree = "<group>"; };
		5560A48F298552DF00F58E03 /* ResourcesViewController.swift */ = {isa = PBXFileReference; lastKnownFileType = sourcecode.swift; path = ResourcesViewController.swift; sourceTree = "<group>"; };
		55A66AEB295A2919003D4BBC /* SpiritualGrowth1.0.app */ = {isa = PBXFileReference; explicitFileType = wrapper.application; includeInIndex = 0; path = SpiritualGrowth1.0.app; sourceTree = BUILT_PRODUCTS_DIR; };
		55A66AEE295A2919003D4BBC /* AppDelegate.swift */ = {isa = PBXFileReference; lastKnownFileType = sourcecode.swift; path = AppDelegate.swift; sourceTree = "<group>"; };
		55A66AF0295A2919003D4BBC /* SceneDelegate.swift */ = {isa = PBXFileReference; lastKnownFileType = sourcecode.swift; path = SceneDelegate.swift; sourceTree = "<group>"; };
		55A66AF2295A2919003D4BBC /* ViewController.swift */ = {isa = PBXFileReference; lastKnownFileType = sourcecode.swift; path = ViewController.swift; sourceTree = "<group>"; };
		55A66AF5295A2919003D4BBC /* Base */ = {isa = PBXFileReference; lastKnownFileType = file.storyboard; name = Base; path = Base.lproj/Main.storyboard; sourceTree = "<group>"; };
		55A66AF7295A291B003D4BBC /* Assets.xcassets */ = {isa = PBXFileReference; lastKnownFileType = folder.assetcatalog; path = Assets.xcassets; sourceTree = "<group>"; };
		55A66AFA295A291B003D4BBC /* Base */ = {isa = PBXFileReference; lastKnownFileType = file.storyboard; name = Base; path = Base.lproj/LaunchScreen.storyboard; sourceTree = "<group>"; };
		55A66AFC295A291B003D4BBC /* Info.plist */ = {isa = PBXFileReference; lastKnownFileType = text.plist.xml; path = Info.plist; sourceTree = "<group>"; };
		55A66B01295A291C003D4BBC /* SpiritualGrowth1.0Tests.xctest */ = {isa = PBXFileReference; explicitFileType = wrapper.cfbundle; includeInIndex = 0; path = SpiritualGrowth1.0Tests.xctest; sourceTree = BUILT_PRODUCTS_DIR; };
		55A66B05295A291C003D4BBC /* SpiritualGrowth1_0Tests.swift */ = {isa = PBXFileReference; lastKnownFileType = sourcecode.swift; path = SpiritualGrowth1_0Tests.swift; sourceTree = "<group>"; };
		55A66B0B295A291C003D4BBC /* SpiritualGrowth1.0UITests.xctest */ = {isa = PBXFileReference; explicitFileType = wrapper.cfbundle; includeInIndex = 0; path = SpiritualGrowth1.0UITests.xctest; sourceTree = BUILT_PRODUCTS_DIR; };
		55A66B0F295A291C003D4BBC /* SpiritualGrowth1_0UITests.swift */ = {isa = PBXFileReference; lastKnownFileType = sourcecode.swift; path = SpiritualGrowth1_0UITests.swift; sourceTree = "<group>"; };
		55A66B11295A291C003D4BBC /* SpiritualGrowth1_0UITestsLaunchTests.swift */ = {isa = PBXFileReference; lastKnownFileType = sourcecode.swift; path = SpiritualGrowth1_0UITestsLaunchTests.swift; sourceTree = "<group>"; };
/* End PBXFileReference section */

/* Begin PBXFrameworksBuildPhase section */
		55A66AE8295A2919003D4BBC /* Frameworks */ = {
			isa = PBXFrameworksBuildPhase;
			buildActionMask = 2147483647;
			files = (
			);
			runOnlyForDeploymentPostprocessing = 0;
		};
		55A66AFE295A291C003D4BBC /* Frameworks */ = {
			isa = PBXFrameworksBuildPhase;
			buildActionMask = 2147483647;
			files = (
			);
			runOnlyForDeploymentPostprocessing = 0;
		};
		55A66B08295A291C003D4BBC /* Frameworks */ = {
			isa = PBXFrameworksBuildPhase;
			buildActionMask = 2147483647;
			files = (
			);
			runOnlyForDeploymentPostprocessing = 0;
		};
/* End PBXFrameworksBuildPhase section */

/* Begin PBXGroup section */
		559F78C8295AB69A00022E52 /* Controller */ = {
			isa = PBXGroup;
			children = (
				5560A48F298552DF00F58E03 /* ResourcesViewController.swift */,
				55A66AF2295A2919003D4BBC /* ViewController.swift */,
			);
			path = Controller;
			sourceTree = "<group>";
		};
		559F78C9295ABFD700022E52 /* Model */ = {
			isa = PBXGroup;
			children = (
				55170BEF295A740000FF68FE /* Activity.swift */,
			);
			path = Model;
			sourceTree = "<group>";
		};
		559F78CA295ABFE600022E52 /* View */ = {
			isa = PBXGroup;
			children = (
				55A66AF4295A2919003D4BBC /* Main.storyboard */,
			);
			path = View;
			sourceTree = "<group>";
		};
		55A66AE2295A2919003D4BBC = {
			isa = PBXGroup;
			children = (
				55A66AED295A2919003D4BBC /* SpiritualGrowth1.0 */,
				55A66B04295A291C003D4BBC /* SpiritualGrowth1.0Tests */,
				55A66B0E295A291C003D4BBC /* SpiritualGrowth1.0UITests */,
				55A66AEC295A2919003D4BBC /* Products */,
			);
			sourceTree = "<group>";
		};
		55A66AEC295A2919003D4BBC /* Products */ = {
			isa = PBXGroup;
			children = (
				55A66AEB295A2919003D4BBC /* SpiritualGrowth1.0.app */,
				55A66B01295A291C003D4BBC /* SpiritualGrowth1.0Tests.xctest */,
				55A66B0B295A291C003D4BBC /* SpiritualGrowth1.0UITests.xctest */,
			);
			name = Products;
			sourceTree = "<group>";
		};
		55A66AED295A2919003D4BBC /* SpiritualGrowth1.0 */ = {
			isa = PBXGroup;
			children = (
				55A66AEE295A2919003D4BBC /* AppDelegate.swift */,
				55A66AF0295A2919003D4BBC /* SceneDelegate.swift */,
				559F78C9295ABFD700022E52 /* Model */,
				559F78CA295ABFE600022E52 /* View */,
				559F78C8295AB69A00022E52 /* Controller */,
				55A66AF7295A291B003D4BBC /* Assets.xcassets */,
				55A66AF9295A291B003D4BBC /* LaunchScreen.storyboard */,
				55A66AFC295A291B003D4BBC /* Info.plist */,
			);
			path = SpiritualGrowth1.0;
			sourceTree = "<group>";
		};
		55A66B04295A291C003D4BBC /* SpiritualGrowth1.0Tests */ = {
			isa = PBXGroup;
			children = (
				55A66B05295A291C003D4BBC /* SpiritualGrowth1_0Tests.swift */,
			);
			path = SpiritualGrowth1.0Tests;
			sourceTree = "<group>";
		};
		55A66B0E295A291C003D4BBC /* SpiritualGrowth1.0UITests */ = {
			isa = PBXGroup;
			children = (
				55A66B0F295A291C003D4BBC /* SpiritualGrowth1_0UITests.swift */,
				55A66B11295A291C003D4BBC /* SpiritualGrowth1_0UITestsLaunchTests.swift */,
			);
			path = SpiritualGrowth1.0UITests;
			sourceTree = "<group>";
		};
/* End PBXGroup section */

/* Begin PBXNativeTarget section */
		55A66AEA295A2919003D4BBC /* SpiritualGrowth1.0 */ = {
			isa = PBXNativeTarget;
			buildConfigurationList = 55A66B15295A291C003D4BBC /* Build configuration list for PBXNativeTarget "SpiritualGrowth1.0" */;
			buildPhases = (
				55A66AE7295A2919003D4BBC /* Sources */,
				55A66AE8295A2919003D4BBC /* Frameworks */,
				55A66AE9295A2919003D4BBC /* Resources */,
			);
			buildRules = (
			);
			dependencies = (
			);
			name = SpiritualGrowth1.0;
			productName = SpiritualGrowth1.0;
			productReference = 55A66AEB295A2919003D4BBC /* SpiritualGrowth1.0.app */;
			productType = "com.apple.product-type.application";
		};
		55A66B00295A291C003D4BBC /* SpiritualGrowth1.0Tests */ = {
			isa = PBXNativeTarget;
			buildConfigurationList = 55A66B18295A291C003D4BBC /* Build configuration list for PBXNativeTarget "SpiritualGrowth1.0Tests" */;
			buildPhases = (
				55A66AFD295A291C003D4BBC /* Sources */,
				55A66AFE295A291C003D4BBC /* Frameworks */,
				55A66AFF295A291C003D4BBC /* Resources */,
			);
			buildRules = (
			);
			dependencies = (
				55A66B03295A291C003D4BBC /* PBXTargetDependency */,
			);
			name = SpiritualGrowth1.0Tests;
			productName = SpiritualGrowth1.0Tests;
			productReference = 55A66B01295A291C003D4BBC /* SpiritualGrowth1.0Tests.xctest */;
			productType = "com.apple.product-type.bundle.unit-test";
		};
		55A66B0A295A291C003D4BBC /* SpiritualGrowth1.0UITests */ = {
			isa = PBXNativeTarget;
			buildConfigurationList = 55A66B1B295A291C003D4BBC /* Build configuration list for PBXNativeTarget "SpiritualGrowth1.0UITests" */;
			buildPhases = (
				55A66B07295A291C003D4BBC /* Sources */,
				55A66B08295A291C003D4BBC /* Frameworks */,
				55A66B09295A291C003D4BBC /* Resources */,
			);
			buildRules = (
			);
			dependencies = (
				55A66B0D295A291C003D4BBC /* PBXTargetDependency */,
			);
			name = SpiritualGrowth1.0UITests;
			productName = SpiritualGrowth1.0UITests;
			productReference = 55A66B0B295A291C003D4BBC /* SpiritualGrowth1.0UITests.xctest */;
			productType = "com.apple.product-type.bundle.ui-testing";
		};
/* End PBXNativeTarget section */

/* Begin PBXProject section */
		55A66AE3295A2919003D4BBC /* Project object */ = {
			isa = PBXProject;
			attributes = {
				BuildIndependentTargetsInParallel = 1;
				LastSwiftUpdateCheck = 1420;
				LastUpgradeCheck = 1420;
				TargetAttributes = {
					55A66AEA295A2919003D4BBC = {
						CreatedOnToolsVersion = 14.2;
					};
					55A66B00295A291C003D4BBC = {
						CreatedOnToolsVersion = 14.2;
						TestTargetID = 55A66AEA295A2919003D4BBC;
					};
					55A66B0A295A291C003D4BBC = {
						CreatedOnToolsVersion = 14.2;
						TestTargetID = 55A66AEA295A2919003D4BBC;
					};
				};
			};
			buildConfigurationList = 55A66AE6295A2919003D4BBC /* Build configuration list for PBXProject "SpiritualGrowth1.0" */;
			compatibilityVersion = "Xcode 14.0";
			developmentRegion = en;
			hasScannedForEncodings = 0;
			knownRegions = (
				en,
				Base,
			);
			mainGroup = 55A66AE2295A2919003D4BBC;
			productRefGroup = 55A66AEC295A2919003D4BBC /* Products */;
			projectDirPath = "";
			projectRoot = "";
			targets = (
				55A66AEA295A2919003D4BBC /* SpiritualGrowth1.0 */,
				55A66B00295A291C003D4BBC /* SpiritualGrowth1.0Tests */,
				55A66B0A295A291C003D4BBC /* SpiritualGrowth1.0UITests */,
			);
		};
/* End PBXProject section */

/* Begin PBXResourcesBuildPhase section */
		55A66AE9295A2919003D4BBC /* Resources */ = {
			isa = PBXResourcesBuildPhase;
			buildActionMask = 2147483647;
			files = (
				55A66AFB295A291B003D4BBC /* LaunchScreen.storyboard in Resources */,
				55A66AF8295A291B003D4BBC /* Assets.xcassets in Resources */,
				55A66AF6295A2919003D4BBC /* Main.storyboard in Resources */,
			);
			runOnlyForDeploymentPostprocessing = 0;
		};
		55A66AFF295A291C003D4BBC /* Resources */ = {
			isa = PBXResourcesBuildPhase;
			buildActionMask = 2147483647;
			files = (
			);
			runOnlyForDeploymentPostprocessing = 0;
		};
		55A66B09295A291C003D4BBC /* Resources */ = {
			isa = PBXResourcesBuildPhase;
			buildActionMask = 2147483647;
			files = (
			);
			runOnlyForDeploymentPostprocessing = 0;
		};
/* End PBXResourcesBuildPhase section */

/* Begin PBXSourcesBuildPhase section */
		55A66AE7295A2919003D4BBC /* Sources */ = {
			isa = PBXSourcesBuildPhase;
			buildActionMask = 2147483647;
			files = (
				5560A490298552DF00F58E03 /* ResourcesViewController.swift in Sources */,
				55A66AF3295A2919003D4BBC /* ViewController.swift in Sources */,
				55A66AEF295A2919003D4BBC /* AppDelegate.swift in Sources */,
				55170BF0295A740000FF68FE /* Activity.swift in Sources */,
				55A66AF1295A2919003D4BBC /* SceneDelegate.swift in Sources */,
			);
			runOnlyForDeploymentPostprocessing = 0;
		};
		55A66AFD295A291C003D4BBC /* Sources */ = {
			isa = PBXSourcesBuildPhase;
			buildActionMask = 2147483647;
			files = (
				55A66B06295A291C003D4BBC /* SpiritualGrowth1_0Tests.swift in Sources */,
			);
			runOnlyForDeploymentPostprocessing = 0;
		};
		55A66B07295A291C003D4BBC /* Sources */ = {
			isa = PBXSourcesBuildPhase;
			buildActionMask = 2147483647;
			files = (
				55A66B12295A291C003D4BBC /* SpiritualGrowth1_0UITestsLaunchTests.swift in Sources */,
				55A66B10295A291C003D4BBC /* SpiritualGrowth1_0UITests.swift in Sources */,
			);
			runOnlyForDeploymentPostprocessing = 0;
		};
/* End PBXSourcesBuildPhase section */

/* Begin PBXTargetDependency section */
		55A66B03295A291C003D4BBC /* PBXTargetDependency */ = {
			isa = PBXTargetDependency;
			target = 55A66AEA295A2919003D4BBC /* SpiritualGrowth1.0 */;
			targetProxy = 55A66B02295A291C003D4BBC /* PBXContainerItemProxy */;
		};
		55A66B0D295A291C003D4BBC /* PBXTargetDependency */ = {
			isa = PBXTargetDependency;
			target = 55A66AEA295A2919003D4BBC /* SpiritualGrowth1.0 */;
			targetProxy = 55A66B0C295A291C003D4BBC /* PBXContainerItemProxy */;
		};
/* End PBXTargetDependency section */

/* Begin PBXVariantGroup section */
		55A66AF4295A2919003D4BBC /* Main.storyboard */ = {
			isa = PBXVariantGroup;
			children = (
				55A66AF5295A2919003D4BBC /* Base */,
			);
			name = Main.storyboard;
			sourceTree = "<group>";
		};
		55A66AF9295A291B003D4BBC /* LaunchScreen.storyboard */ = {
			isa = PBXVariantGroup;
			children = (
				55A66AFA295A291B003D4BBC /* Base */,
			);
			name = LaunchScreen.storyboard;
			sourceTree = "<group>";
		};
/* End PBXVariantGroup section */

/* Begin XCBuildConfiguration section */
		55A66B13295A291C003D4BBC /* Debug */ = {
			isa = XCBuildConfiguration;
			buildSettings = {
				ALWAYS_SEARCH_USER_PATHS = NO;
				CLANG_ANALYZER_NONNULL = YES;
				CLANG_ANALYZER_NUMBER_OBJECT_CONVERSION = YES_AGGRESSIVE;
				CLANG_CXX_LANGUAGE_STANDARD = "gnu++20";
				CLANG_ENABLE_MODULES = YES;
				CLANG_ENABLE_OBJC_ARC = YES;
				CLANG_ENABLE_OBJC_WEAK = YES;
				CLANG_WARN_BLOCK_CAPTURE_AUTORELEASING = YES;
				CLANG_WARN_BOOL_CONVERSION = YES;
				CLANG_WARN_COMMA = YES;
				CLANG_WARN_CONSTANT_CONVERSION = YES;
				CLANG_WARN_DEPRECATED_OBJC_IMPLEMENTATIONS = YES;
				CLANG_WARN_DIRECT_OBJC_ISA_USAGE = YES_ERROR;
				CLANG_WARN_DOCUMENTATION_COMMENTS = YES;
				CLANG_WARN_EMPTY_BODY = YES;
				CLANG_WARN_ENUM_CONVERSION = YES;
				CLANG_WARN_INFINITE_RECURSION = YES;
				CLANG_WARN_INT_CONVERSION = YES;
				CLANG_WARN_NON_LITERAL_NULL_CONVERSION = YES;
				CLANG_WARN_OBJC_IMPLICIT_RETAIN_SELF = YES;
				CLANG_WARN_OBJC_LITERAL_CONVERSION = YES;
				CLANG_WARN_OBJC_ROOT_CLASS = YES_ERROR;
				CLANG_WARN_QUOTED_INCLUDE_IN_FRAMEWORK_HEADER = YES;
				CLANG_WARN_RANGE_LOOP_ANALYSIS = YES;
				CLANG_WARN_STRICT_PROTOTYPES = YES;
				CLANG_WARN_SUSPICIOUS_MOVE = YES;
				CLANG_WARN_UNGUARDED_AVAILABILITY = YES_AGGRESSIVE;
				CLANG_WARN_UNREACHABLE_CODE = YES;
				CLANG_WARN__DUPLICATE_METHOD_MATCH = YES;
				COPY_PHASE_STRIP = NO;
				DEBUG_INFORMATION_FORMAT = dwarf;
				ENABLE_STRICT_OBJC_MSGSEND = YES;
				ENABLE_TESTABILITY = YES;
				GCC_C_LANGUAGE_STANDARD = gnu11;
				GCC_DYNAMIC_NO_PIC = NO;
				GCC_NO_COMMON_BLOCKS = YES;
				GCC_OPTIMIZATION_LEVEL = 0;
				GCC_PREPROCESSOR_DEFINITIONS = (
					"DEBUG=1",
					"$(inherited)",
				);
				GCC_WARN_64_TO_32_BIT_CONVERSION = YES;
				GCC_WARN_ABOUT_RETURN_TYPE = YES_ERROR;
				GCC_WARN_UNDECLARED_SELECTOR = YES;
				GCC_WARN_UNINITIALIZED_AUTOS = YES_AGGRESSIVE;
				GCC_WARN_UNUSED_FUNCTION = YES;
				GCC_WARN_UNUSED_VARIABLE = YES;
				IPHONEOS_DEPLOYMENT_TARGET = 16.2;
				MTL_ENABLE_DEBUG_INFO = INCLUDE_SOURCE;
				MTL_FAST_MATH = YES;
				ONLY_ACTIVE_ARCH = YES;
				SDKROOT = iphoneos;
				SWIFT_ACTIVE_COMPILATION_CONDITIONS = DEBUG;
				SWIFT_OPTIMIZATION_LEVEL = "-Onone";
			};
			name = Debug;
		};
		55A66B14295A291C003D4BBC /* Release */ = {
			isa = XCBuildConfiguration;
			buildSettings = {
				ALWAYS_SEARCH_USER_PATHS = NO;
				CLANG_ANALYZER_NONNULL = YES;
				CLANG_ANALYZER_NUMBER_OBJECT_CONVERSION = YES_AGGRESSIVE;
				CLANG_CXX_LANGUAGE_STANDARD = "gnu++20";
				CLANG_ENABLE_MODULES = YES;
				CLANG_ENABLE_OBJC_ARC = YES;
				CLANG_ENABLE_OBJC_WEAK = YES;
				CLANG_WARN_BLOCK_CAPTURE_AUTORELEASING = YES;
				CLANG_WARN_BOOL_CONVERSION = YES;
				CLANG_WARN_COMMA = YES;
				CLANG_WARN_CONSTANT_CONVERSION = YES;
				CLANG_WARN_DEPRECATED_OBJC_IMPLEMENTATIONS = YES;
				CLANG_WARN_DIRECT_OBJC_ISA_USAGE = YES_ERROR;
				CLANG_WARN_DOCUMENTATION_COMMENTS = YES;
				CLANG_WARN_EMPTY_BODY = YES;
				CLANG_WARN_ENUM_CONVERSION = YES;
				CLANG_WARN_INFINITE_RECURSION = YES;
				CLANG_WARN_INT_CONVERSION = YES;
				CLANG_WARN_NON_LITERAL_NULL_CONVERSION = YES;
				CLANG_WARN_OBJC_IMPLICIT_RETAIN_SELF = YES;
				CLANG_WARN_OBJC_LITERAL_CONVERSION = YES;
				CLANG_WARN_OBJC_ROOT_CLASS = YES_ERROR;
				CLANG_WARN_QUOTED_INCLUDE_IN_FRAMEWORK_HEADER = YES;
				CLANG_WARN_RANGE_LOOP_ANALYSIS = YES;
				CLANG_WARN_STRICT_PROTOTYPES = YES;
				CLANG_WARN_SUSPICIOUS_MOVE = YES;
				CLANG_WARN_UNGUARDED_AVAILABILITY = YES_AGGRESSIVE;
				CLANG_WARN_UNREACHABLE_CODE = YES;
				CLANG_WARN__DUPLICATE_METHOD_MATCH = YES;
				COPY_PHASE_STRIP = NO;
				DEBUG_INFORMATION_FORMAT = "dwarf-with-dsym";
				ENABLE_NS_ASSERTIONS = NO;
				ENABLE_STRICT_OBJC_MSGSEND = YES;
				GCC_C_LANGUAGE_STANDARD = gnu11;
				GCC_NO_COMMON_BLOCKS = YES;
				GCC_WARN_64_TO_32_BIT_CONVERSION = YES;
				GCC_WARN_ABOUT_RETURN_TYPE = YES_ERROR;
				GCC_WARN_UNDECLARED_SELECTOR = YES;
				GCC_WARN_UNINITIALIZED_AUTOS = YES_AGGRESSIVE;
				GCC_WARN_UNUSED_FUNCTION = YES;
				GCC_WARN_UNUSED_VARIABLE = YES;
				IPHONEOS_DEPLOYMENT_TARGET = 16.2;
				MTL_ENABLE_DEBUG_INFO = NO;
				MTL_FAST_MATH = YES;
				SDKROOT = iphoneos;
				SWIFT_COMPILATION_MODE = wholemodule;
				SWIFT_OPTIMIZATION_LEVEL = "-O";
				VALIDATE_PRODUCT = YES;
			};
			name = Release;
		};
		55A66B16295A291C003D4BBC /* Debug */ = {
			isa = XCBuildConfiguration;
			buildSettings = {
				ASSETCATALOG_COMPILER_APPICON_NAME = AppIcon;
				ASSETCATALOG_COMPILER_GLOBAL_ACCENT_COLOR_NAME = AccentColor;
				ASSETCATALOG_COMPILER_INCLUDE_ALL_APPICON_ASSETS = NO;
				CODE_SIGN_STYLE = Automatic;
				CURRENT_PROJECT_VERSION = 1;
				DEVELOPMENT_TEAM = 2F8U9H67GR;
				GENERATE_INFOPLIST_FILE = YES;
				INFOPLIST_FILE = SpiritualGrowth1.0/Info.plist;
				INFOPLIST_KEY_CFBundleDisplayName = SpiritualGrowth;
				INFOPLIST_KEY_LSApplicationCategoryType = "public.app-category.lifestyle";
				INFOPLIST_KEY_UIApplicationSupportsIndirectInputEvents = YES;
				INFOPLIST_KEY_UILaunchStoryboardName = LaunchScreen.storyboard;
				INFOPLIST_KEY_UIMainStoryboardFile = Main;
				INFOPLIST_KEY_UIRequiredDeviceCapabilities = armv7;
				INFOPLIST_KEY_UIStatusBarStyle = UIStatusBarStyleDarkContent;
				INFOPLIST_KEY_UISupportedInterfaceOrientations = UIInterfaceOrientationPortrait;
				INFOPLIST_KEY_UISupportedInterfaceOrientations_iPad = "UIInterfaceOrientationLandscapeLeft UIInterfaceOrientationLandscapeRight UIInterfaceOrientationPortrait UIInterfaceOrientationPortraitUpsideDown";
				IPHONEOS_DEPLOYMENT_TARGET = 15.0;
				LD_RUNPATH_SEARCH_PATHS = (
					"$(inherited)",
					"@executable_path/Frameworks",
				);
				MARKETING_VERSION = 1.0;
				PRODUCT_BUNDLE_IDENTIFIER = "com.SG.bsc.SpiritualGrowth1-0";
				PRODUCT_NAME = "$(TARGET_NAME)";
				SUPPORTED_PLATFORMS = "iphoneos iphonesimulator";
				SUPPORTS_MACCATALYST = NO;
				SUPPORTS_MAC_DESIGNED_FOR_IPHONE_IPAD = NO;
				SWIFT_EMIT_LOC_STRINGS = YES;
				SWIFT_VERSION = 5.0;
				TARGETED_DEVICE_FAMILY = 1;
			};
			name = Debug;
		};
		55A66B17295A291C003D4BBC /* Release */ = {
			isa = XCBuildConfiguration;
			buildSettings = {
				ASSETCATALOG_COMPILER_APPICON_NAME = AppIcon;
				ASSETCATALOG_COMPILER_GLOBAL_ACCENT_COLOR_NAME = AccentColor;
				ASSETCATALOG_COMPILER_INCLUDE_ALL_APPICON_ASSETS = NO;
				CODE_SIGN_STYLE = Automatic;
				CURRENT_PROJECT_VERSION = 1;
				DEVELOPMENT_TEAM = 2F8U9H67GR;
				GENERATE_INFOPLIST_FILE = YES;
				INFOPLIST_FILE = SpiritualGrowth1.0/Info.plist;
				INFOPLIST_KEY_CFBundleDisplayName = SpiritualGrowth;
				INFOPLIST_KEY_LSApplicationCategoryType = "public.app-category.lifestyle";
				INFOPLIST_KEY_UIApplicationSupportsIndirectInputEvents = YES;
				INFOPLIST_KEY_UILaunchStoryboardName = LaunchScreen.storyboard;
				INFOPLIST_KEY_UIMainStoryboardFile = Main;
				INFOPLIST_KEY_UIRequiredDeviceCapabilities = armv7;
				INFOPLIST_KEY_UIStatusBarStyle = UIStatusBarStyleDarkContent;
				INFOPLIST_KEY_UISupportedInterfaceOrientations = UIInterfaceOrientationPortrait;
				INFOPLIST_KEY_UISupportedInterfaceOrientations_iPad = "UIInterfaceOrientationLandscapeLeft UIInterfaceOrientationLandscapeRight UIInterfaceOrientationPortrait UIInterfaceOrientationPortraitUpsideDown";
				IPHONEOS_DEPLOYMENT_TARGET = 15.0;
				LD_RUNPATH_SEARCH_PATHS = (
					"$(inherited)",
					"@executable_path/Frameworks",
				);
				MARKETING_VERSION = 1.0;
				PRODUCT_BUNDLE_IDENTIFIER = "com.SG.bsc.SpiritualGrowth1-0";
				PRODUCT_NAME = "$(TARGET_NAME)";
				SUPPORTED_PLATFORMS = "iphoneos iphonesimulator";
				SUPPORTS_MACCATALYST = NO;
				SUPPORTS_MAC_DESIGNED_FOR_IPHONE_IPAD = NO;
				SWIFT_EMIT_LOC_STRINGS = YES;
				SWIFT_VERSION = 5.0;
				TARGETED_DEVICE_FAMILY = 1;
			};
			name = Release;
		};
		55A66B19295A291C003D4BBC /* Debug */ = {
			isa = XCBuildConfiguration;
			buildSettings = {
				ALWAYS_EMBED_SWIFT_STANDARD_LIBRARIES = YES;
				BUNDLE_LOADER = "$(TEST_HOST)";
				CODE_SIGN_STYLE = Automatic;
				CURRENT_PROJECT_VERSION = 1;
				DEVELOPMENT_TEAM = 2F8U9H67GR;
				GENERATE_INFOPLIST_FILE = YES;
				IPHONEOS_DEPLOYMENT_TARGET = 16.2;
				MARKETING_VERSION = 1.0;
				PRODUCT_BUNDLE_IDENTIFIER = "com.SG.bsc.SpiritualGrowth1-0Tests";
				PRODUCT_NAME = "$(TARGET_NAME)";
				SWIFT_EMIT_LOC_STRINGS = NO;
				SWIFT_VERSION = 5.0;
				TARGETED_DEVICE_FAMILY = "1,2";
				TEST_HOST = "$(BUILT_PRODUCTS_DIR)/SpiritualGrowth1.0.app/$(BUNDLE_EXECUTABLE_FOLDER_PATH)/SpiritualGrowth1.0";
			};
			name = Debug;
		};
		55A66B1A295A291C003D4BBC /* Release */ = {
			isa = XCBuildConfiguration;
			buildSettings = {
				ALWAYS_EMBED_SWIFT_STANDARD_LIBRARIES = YES;
				BUNDLE_LOADER = "$(TEST_HOST)";
				CODE_SIGN_STYLE = Automatic;
				CURRENT_PROJECT_VERSION = 1;
				DEVELOPMENT_TEAM = 2F8U9H67GR;
				GENERATE_INFOPLIST_FILE = YES;
				IPHONEOS_DEPLOYMENT_TARGET = 16.2;
				MARKETING_VERSION = 1.0;
				PRODUCT_BUNDLE_IDENTIFIER = "com.SG.bsc.SpiritualGrowth1-0Tests";
				PRODUCT_NAME = "$(TARGET_NAME)";
				SWIFT_EMIT_LOC_STRINGS = NO;
				SWIFT_VERSION = 5.0;
				TARGETED_DEVICE_FAMILY = "1,2";
				TEST_HOST = "$(BUILT_PRODUCTS_DIR)/SpiritualGrowth1.0.app/$(BUNDLE_EXECUTABLE_FOLDER_PATH)/SpiritualGrowth1.0";
			};
			name = Release;
		};
		55A66B1C295A291C003D4BBC /* Debug */ = {
			isa = XCBuildConfiguration;
			buildSettings = {
				ALWAYS_EMBED_SWIFT_STANDARD_LIBRARIES = YES;
				CODE_SIGN_STYLE = Automatic;
				CURRENT_PROJECT_VERSION = 1;
				DEVELOPMENT_TEAM = 2F8U9H67GR;
				GENERATE_INFOPLIST_FILE = YES;
				MARKETING_VERSION = 1.0;
				PRODUCT_BUNDLE_IDENTIFIER = "com.SG.bsc.SpiritualGrowth1-0UITests";
				PRODUCT_NAME = "$(TARGET_NAME)";
				SWIFT_EMIT_LOC_STRINGS = NO;
				SWIFT_VERSION = 5.0;
				TARGETED_DEVICE_FAMILY = "1,2";
				TEST_TARGET_NAME = SpiritualGrowth1.0;
			};
			name = Debug;
		};
		55A66B1D295A291C003D4BBC /* Release */ = {
			isa = XCBuildConfiguration;
			buildSettings = {
				ALWAYS_EMBED_SWIFT_STANDARD_LIBRARIES = YES;
				CODE_SIGN_STYLE = Automatic;
				CURRENT_PROJECT_VERSION = 1;
				DEVELOPMENT_TEAM = 2F8U9H67GR;
				GENERATE_INFOPLIST_FILE = YES;
				MARKETING_VERSION = 1.0;
				PRODUCT_BUNDLE_IDENTIFIER = "com.SG.bsc.SpiritualGrowth1-0UITests";
				PRODUCT_NAME = "$(TARGET_NAME)";
				SWIFT_EMIT_LOC_STRINGS = NO;
				SWIFT_VERSION = 5.0;
				TARGETED_DEVICE_FAMILY = "1,2";
				TEST_TARGET_NAME = SpiritualGrowth1.0;
			};
			name = Release;
		};
/* End XCBuildConfiguration section */

/* Begin XCConfigurationList section */
		55A66AE6295A2919003D4BBC /* Build configuration list for PBXProject "SpiritualGrowth1.0" */ = {
			isa = XCConfigurationList;
			buildConfigurations = (
				55A66B13295A291C003D4BBC /* Debug */,
				55A66B14295A291C003D4BBC /* Release */,
			);
			defaultConfigurationIsVisible = 0;
			defaultConfigurationName = Release;
		};
		55A66B15295A291C003D4BBC /* Build configuration list for PBXNativeTarget "SpiritualGrowth1.0" */ = {
			isa = XCConfigurationList;
			buildConfigurations = (
				55A66B16295A291C003D4BBC /* Debug */,
				55A66B17295A291C003D4BBC /* Release */,
			);
			defaultConfigurationIsVisible = 0;
			defaultConfigurationName = Release;
		};
		55A66B18295A291C003D4BBC /* Build configuration list for PBXNativeTarget "SpiritualGrowth1.0Tests" */ = {
			isa = XCConfigurationList;
			buildConfigurations = (
				55A66B19295A291C003D4BBC /* Debug */,
				55A66B1A295A291C003D4BBC /* Release */,
			);
			defaultConfigurationIsVisible = 0;
			defaultConfigurationName = Release;
		};
		55A66B1B295A291C003D4BBC /* Build configuration list for PBXNativeTarget "SpiritualGrowth1.0UITests" */ = {
			isa = XCConfigurationList;
			buildConfigurations = (
				55A66B1C295A291C003D4BBC /* Debug */,
				55A66B1D295A291C003D4BBC /* Release */,
			);
			defaultConfigurationIsVisible = 0;
			defaultConfigurationName = Release;
		};
/* End XCConfigurationList section */
	};
	rootObject = 55A66AE3295A2919003D4BBC /* Project object */;
}
